
Microsoft Visual Studio Solution File, Format Version 12.00
# Visual Studio Version 17
VisualStudioVersion = 17.3.32922.545
MinimumVisualStudioVersion = 10.0.40219.1
Project("{FAE04EC0-301F-11D3-BF4B-00C04F79EFBC}") = "BlazorInterfaceLibrary", "BlazorInterfaceLibrary\BlazorInterfaceLibrary.csproj", "{20A0F4DD-B3CB-42AD-A8A8-E667D59B9221}"
EndProject
Global
	GlobalSection(SolutionConfigurationPlatforms) = preSolution
		Debug|Any CPU = Debug|Any CPU
		Release|Any CPU = Release|Any CPU
	EndGlobalSection
	GlobalSection(ProjectConfigurationPlatforms) = postSolution
		{20A0F4DD-B3CB-42AD-A8A8-E667D59B9221}.Debug|Any CPU.ActiveCfg = Debug|Any CPU
		{20A0F4DD-B3CB-42AD-A8A8-E667D59B9221}.Debug|Any CPU.Build.0 = Debug|Any CPU
		{20A0F4DD-B3CB-42AD-A8A8-E667D59B9221}.Release|Any CPU.ActiveCfg = Release|Any CPU
		{20A0F4DD-B3CB-42AD-A8A8-E667D59B9221}.Release|Any CPU.Build.0 = Release|Any CPU
	EndGlobalSection
	GlobalSection(SolutionProperties) = preSolution
		HideSolutionNode = FALSE
	EndGlobalSection
	GlobalSection(ExtensibilityGlobals) = postSolution
		SolutionGuid = {BC548B2D-25CB-4296-9033-9669BC51B970}
	EndGlobalSection
EndGlobal
